
Microsoft Visual Studio Solution File, Format Version 12.00
# Visual Studio Version 17
VisualStudioVersion = 17.4.33103.184
MinimumVisualStudioVersion = 10.0.40219.1
Project("{FAE04EC0-301F-11D3-BF4B-00C04F79EFBC}") = "WebApp_FileUppload", "WebApp_FileUppload\WebApp_FileUppload.csproj", "{CC04511D-CF4B-4FF6-AF65-FFCC18C02C4B}"
EndProject
Project("{FAE04EC0-301F-11D3-BF4B-00C04F79EFBC}") = "WebApi_FileUpload", "WebApi_FileUpload\WebApi_FileUpload.csproj", "{4BC048D4-1193-416B-8CB7-838C901349A4}"
EndProject
Global
	GlobalSection(SolutionConfigurationPlatforms) = preSolution
		Debug|Any CPU = Debug|Any CPU
		Release|Any CPU = Release|Any CPU
	EndGlobalSection
	GlobalSection(ProjectConfigurationPlatforms) = postSolution
		{CC04511D-CF4B-4FF6-AF65-FFCC18C02C4B}.Debug|Any CPU.ActiveCfg = Debug|Any CPU
		{CC04511D-CF4B-4FF6-AF65-FFCC18C02C4B}.Debug|Any CPU.Build.0 = Debug|Any CPU
		{CC04511D-CF4B-4FF6-AF65-FFCC18C02C4B}.Release|Any CPU.ActiveCfg = Release|Any CPU
		{CC04511D-CF4B-4FF6-AF65-FFCC18C02C4B}.Release|Any CPU.Build.0 = Release|Any CPU
		{4BC048D4-1193-416B-8CB7-838C901349A4}.Debug|Any CPU.ActiveCfg = Debug|Any CPU
		{4BC048D4-1193-416B-8CB7-838C901349A4}.Debug|Any CPU.Build.0 = Debug|Any CPU
		{4BC048D4-1193-416B-8CB7-838C901349A4}.Release|Any CPU.ActiveCfg = Release|Any CPU
		{4BC048D4-1193-416B-8CB7-838C901349A4}.Release|Any CPU.Build.0 = Release|Any CPU
	EndGlobalSection
	GlobalSection(SolutionProperties) = preSolution
		HideSolutionNode = FALSE
	EndGlobalSection
	GlobalSection(ExtensibilityGlobals) = postSolution
		SolutionGuid = {6FE8D5F9-364C-48B9-9727-F20398C4F054}
	EndGlobalSection
EndGlobal
